
Microsoft Visual Studio Solution File, Format Version 12.00
# Visual Studio Version 16
VisualStudioVersion = 16.0.34031.81
MinimumVisualStudioVersion = 10.0.40219.1
Project("{FAE04EC0-301F-11D3-BF4B-00C04F79EFBC}") = "BT01", "BT01\BT01.csproj", "{70555CF9-196A-4284-BE7B-2D23DD722518}"
EndProject
Project("{FAE04EC0-301F-11D3-BF4B-00C04F79EFBC}") = "BT02", "BT02\BT02.csproj", "{F7571DDB-727D-486E-BB29-E61DD56F4606}"
EndProject
Global
	GlobalSection(SolutionConfigurationPlatforms) = preSolution
		Debug|Any CPU = Debug|Any CPU
		Release|Any CPU = Release|Any CPU
	EndGlobalSection
	GlobalSection(ProjectConfigurationPlatforms) = postSolution
		{70555CF9-196A-4284-BE7B-2D23DD722518}.Debug|Any CPU.ActiveCfg = Debug|Any CPU
		{70555CF9-196A-4284-BE7B-2D23DD722518}.Debug|Any CPU.Build.0 = Debug|Any CPU
		{70555CF9-196A-4284-BE7B-2D23DD722518}.Release|Any CPU.ActiveCfg = Release|Any CPU
		{70555CF9-196A-4284-BE7B-2D23DD722518}.Release|Any CPU.Build.0 = Release|Any CPU
		{F7571DDB-727D-486E-BB29-E61DD56F4606}.Debug|Any CPU.ActiveCfg = Debug|Any CPU
		{F7571DDB-727D-486E-BB29-E61DD56F4606}.Debug|Any CPU.Build.0 = Debug|Any CPU
		{F7571DDB-727D-486E-BB29-E61DD56F4606}.Release|Any CPU.ActiveCfg = Release|Any CPU
		{F7571DDB-727D-486E-BB29-E61DD56F4606}.Release|Any CPU.Build.0 = Release|Any CPU
	EndGlobalSection
	GlobalSection(SolutionProperties) = preSolution
		HideSolutionNode = FALSE
	EndGlobalSection
	GlobalSection(ExtensibilityGlobals) = postSolution
		SolutionGuid = {05A53E6D-1943-4371-A120-4904B3A5269F}
	EndGlobalSection
EndGlobal
